<?xml version="1.0" encoding="utf-8"?>
<Project ToolsVersion="4.0" xmlns="http://schemas.microsoft.com/developer/msbuild/2003">
  <ItemGroup>
    <None Include="ui\mic2-muted.ico">
      <Filter>Resources</Filter>
    </None>
    <None Include="ui\mic2.ico">
      <Filter>Resources</Filter>
    </None>
    <None Include="ui\speaker-muted.ico">
      <Filter>Resources</Filter>
    </None>
    <None Include="ui\speaker.ico">
      <Filter>Resources</Filter>
    </None>
    <None Include="ui\test2\test.ico">
      <Filter>Resources</Filter>
    </None>
    <None Include="ui\test2\test48.ico">
      <Filter>Resources</Filter>
    </None>
    <None Include="ui\test2\recording.ico">
      <Filter>Resources</Filter>
    </None>
    <None Include="cursor1.cur">
      <Filter>Resources</Filter>
    </None>
  </ItemGroup>
  <ItemGroup>
    <Filter Include="Headers">
      <UniqueIdentifier>{37253580-c8f2-4488-9f8e-85782dea399d}</UniqueIdentifier>
      <Extensions>h;hpp;hxx;hm;inl;inc;xsd</Extensions>
    </Filter>
    <Filter Include="Resources">
      <UniqueIdentifier>{c7980321-beda-4354-870e-0819ae11464d}</UniqueIdentifier>
      <Extensions>rc;ico;cur;bmp;dlg;rc2;rct;bin;rgs;gif;jpg;jpeg;jpe;resx;tiff;tif;png;wav</Extensions>
    </Filter>
    <Filter Include="Source">
      <UniqueIdentifier>{7d178c27-342a-4100-9daa-c360d22d977d}</UniqueIdentifier>
      <Extensions>cpp;c;cc;cxx;def;odl;idl;hpj;bat;asm;asmx</Extensions>
    </Filter>
    <Filter Include="OBS">
      <UniqueIdentifier>{a2d93ce3-630d-408d-8a9e-89dc2532938e}</UniqueIdentifier>
      <Extensions>pShader;vShader</Extensions>
    </Filter>
  </ItemGroup>
  <ItemGroup>
    <ClCompile Include="OBS\API.cpp">
      <Filter>OBS</Filter>
    </ClCompile>
    <ClCompile Include="OBS\BandwidthAnalysis.cpp">
      <Filter>OBS</Filter>
    </ClCompile>
    <ClCompile Include="OBS\BitmapImageSource.cpp">
      <Filter>OBS</Filter>
    </ClCompile>
    <ClCompile Include="OBS\BitmapTransitionSource.cpp">
      <Filter>OBS</Filter>
    </ClCompile>
    <ClCompile Include="OBS\BlankAudioPlayback.cpp">
      <Filter>OBS</Filter>
    </ClCompile>
    <ClCompile Include="OBS\CodeTokenizer.cpp">
      <Filter>OBS</Filter>
    </ClCompile>
    <ClCompile Include="OBS\CrashDumpHandler.cpp">
      <Filter>OBS</Filter>
    </ClCompile>
    <ClCompile Include="OBS\D3D10OutputDuplicator.cpp">
      <Filter>OBS</Filter>
    </ClCompile>
    <ClCompile Include="OBS\D3D10Shader.cpp">
      <Filter>OBS</Filter>
    </ClCompile>
    <ClCompile Include="OBS\D3D10ShaderProcessor.cpp">
      <Filter>OBS</Filter>
    </ClCompile>
    <ClCompile Include="OBS\D3D10System.cpp">
      <Filter>OBS</Filter>
    </ClCompile>
    <ClCompile Include="OBS\D3D10Texture.cpp">
      <Filter>OBS</Filter>
    </ClCompile>
    <ClCompile Include="OBS\D3D10VertexBuffer.cpp">
      <Filter>OBS</Filter>
    </ClCompile>
    <ClCompile Include="OBS\DelayedPublisher.cpp">
      <Filter>OBS</Filter>
    </ClCompile>
    <ClCompile Include="OBS\DesktopImageSource.cpp">
      <Filter>OBS</Filter>
    </ClCompile>
    <ClCompile Include="OBS\Encoder_AAC.cpp">
      <Filter>OBS</Filter>
    </ClCompile>
    <ClCompile Include="OBS\Encoder_MP3.cpp">
      <Filter>OBS</Filter>
    </ClCompile>
    <ClCompile Include="OBS\Encoder_NVENC.cpp">
      <Filter>OBS</Filter>
    </ClCompile>
    <ClCompile Include="OBS\Encoder_QSV.cpp">
      <Filter>OBS</Filter>
    </ClCompile>
    <ClCompile Include="OBS\Encoder_x264.cpp">
      <Filter>OBS</Filter>
    </ClCompile>
    <ClCompile Include="OBS\FLVFileStream.cpp">
      <Filter>OBS</Filter>
    </ClCompile>
    <ClCompile Include="OBS\GetAudioDevices.cpp">
      <Filter>OBS</Filter>
    </ClCompile>
    <ClCompile Include="OBS\GlobalSource.cpp">
      <Filter>OBS</Filter>
    </ClCompile>
    <ClCompile Include="OBS\Hacks.cpp">
      <Filter>OBS</Filter>
    </ClCompile>
    <ClCompile Include="OBS\HTTPClient.cpp">
      <Filter>OBS</Filter>
    </ClCompile>
    <ClCompile Include="OBS\ImageProcessing.cpp">
      <Filter>OBS</Filter>
    </ClCompile>
    <ClCompile Include="OBS\libnsgif.c">
      <Filter>OBS</Filter>
    </ClCompile>
    <ClCompile Include="OBS\Main.cpp">
      <Filter>OBS</Filter>
    </ClCompile>
    <ClCompile Include="OBS\MMDeviceAudioSource.cpp">
      <Filter>OBS</Filter>
    </ClCompile>
    <ClCompile Include="OBS\MP4FileStream.cpp">
      <Filter>OBS</Filter>
    </ClCompile>
    <ClCompile Include="OBS\NullOutput.cpp">
      <Filter>OBS</Filter>
    </ClCompile>
    <ClCompile Include="OBS\OBS.cpp">
      <Filter>OBS</Filter>
    </ClCompile>
    <ClCompile Include="OBS\OBSCapture.cpp">
      <Filter>OBS</Filter>
    </ClCompile>
    <ClCompile Include="OBS\OBSEvents.cpp">
      <Filter>OBS</Filter>
    </ClCompile>
    <ClCompile Include="OBS\OBSHotkeyHandlers.cpp">
      <Filter>OBS</Filter>
    </ClCompile>
    <ClCompile Include="OBS\OBSVideoCapture.cpp">
      <Filter>OBS</Filter>
    </ClCompile>
    <ClCompile Include="OBS\RTMPPublisher.cpp">
      <Filter>OBS</Filter>
    </ClCompile>
    <ClCompile Include="OBS\RTMPStuff.cpp">
      <Filter>OBS</Filter>
    </ClCompile>
    <ClCompile Include="OBS\Settings.cpp">
      <Filter>OBS</Filter>
    </ClCompile>
    <ClCompile Include="OBS\SettingsAdvanced.cpp">
      <Filter>OBS</Filter>
    </ClCompile>
    <ClCompile Include="OBS\SettingsAudio.cpp">
      <Filter>OBS</Filter>
    </ClCompile>
    <ClCompile Include="OBS\SettingsEncoding.cpp">
      <Filter>OBS</Filter>
    </ClCompile>
    <ClCompile Include="OBS\SettingsGeneral.cpp">
      <Filter>OBS</Filter>
    </ClCompile>
    <ClCompile Include="OBS\SettingsPublish.cpp">
      <Filter>OBS</Filter>
    </ClCompile>
    <ClCompile Include="OBS\SettingsVideo.cpp">
      <Filter>OBS</Filter>
    </ClCompile>
    <ClCompile Include="OBS\TextOutputSource.cpp">
      <Filter>OBS</Filter>
    </ClCompile>
    <ClCompile Include="OBS\Updater.cpp">
      <Filter>OBS</Filter>
    </ClCompile>
    <ClCompile Include="OBS\WindowStuff.cpp">
      <Filter>OBS</Filter>
    </ClCompile>
  </ItemGroup>
  <ItemGroup>
    <ClInclude Include="OBS\CodeTokenizer.h">
      <Filter>OBS</Filter>
    </ClInclude>
    <ClInclude Include="OBS\CrashDumpHandler.h">
      <Filter>OBS</Filter>
    </ClInclude>
    <ClInclude Include="OBS\D3D10System.h">
      <Filter>OBS</Filter>
    </ClInclude>
    <ClInclude Include="OBS\HTTPClient.h">
      <Filter>OBS</Filter>
    </ClInclude>
    <ClInclude Include="OBS\libnsgif.h">
      <Filter>OBS</Filter>
    </ClInclude>
    <ClInclude Include="OBS\Main.h">
      <Filter>OBS</Filter>
    </ClInclude>
    <ClInclude Include="OBS\OBS.h">
      <Filter>OBS</Filter>
    </ClInclude>
    <ClInclude Include="OBS\RTMPPublisher.h">
      <Filter>OBS</Filter>
    </ClInclude>
    <ClInclude Include="OBS\RTMPStuff.h">
      <Filter>OBS</Filter>
    </ClInclude>
    <ClInclude Include="OBS\Settings.h">
      <Filter>OBS</Filter>
    </ClInclude>
    <ClInclude Include="OBS\Updater.h">
      <Filter>OBS</Filter>
    </ClInclude>
    <ClInclude Include="OBS\WindowStuff.h">
      <Filter>OBS</Filter>
    </ClInclude>
  </ItemGroup>
  <ItemGroup>
    <ResourceCompile Include="EasyLive.rc">
      <Filter>Resources</Filter>
    </ResourceCompile>
  </ItemGroup>
</Project>